# This file is automatically @generated by Poetry 2.1.3 and should not be changed by hand.

[[package]]
name = "opencc-python-reimplemented"
version = "0.1.7"
description = "OpenCC made with Python"
optional = false
python-versions = "*"
groups = ["main"]
files = [
    {file = "opencc-python-reimplemented-0.1.7.tar.gz", hash = "sha256:4f777ea3461a25257a7b876112cfa90bb6acabc6dfb843bf4d11266e43579dee"},
    {file = "opencc_python_reimplemented-0.1.7-py2.py3-none-any.whl", hash = "sha256:41b3b92943c7bed291f448e9c7fad4b577c8c2eae30fcfe5a74edf8818493aa6"},
]

[metadata]
lock-version = "2.1"
python-versions = ">=3.11"
content-hash = "4ba525b46fbe0f7bfe94edc4884b5cfe517cd70bb7901be91ff44de73302a76e"
